
Microsoft Visual Studio Solution File, Format Version 12.00
# Visual Studio Version 16
VisualStudioVersion = 16.0.30309.148
MinimumVisualStudioVersion = 10.0.40219.1
Project("{FAE04EC0-301F-11D3-BF4B-00C04F79EFBC}") = "OperatorOverloading1", "OperatorOverloading1\OperatorOverloading1.csproj", "{8E6B109E-15C8-4E7A-93C0-CDF789E950AA}"
EndProject
Global
	GlobalSection(SolutionConfigurationPlatforms) = preSolution
		Debug|Any CPU = Debug|Any CPU
		Release|Any CPU = Release|Any CPU
	EndGlobalSection
	GlobalSection(ProjectConfigurationPlatforms) = postSolution
		{8E6B109E-15C8-4E7A-93C0-CDF789E950AA}.Debug|Any CPU.ActiveCfg = Debug|Any CPU
		{8E6B109E-15C8-4E7A-93C0-CDF789E950AA}.Debug|Any CPU.Build.0 = Debug|Any CPU
		{8E6B109E-15C8-4E7A-93C0-CDF789E950AA}.Release|Any CPU.ActiveCfg = Release|Any CPU
		{8E6B109E-15C8-4E7A-93C0-CDF789E950AA}.Release|Any CPU.Build.0 = Release|Any CPU
	EndGlobalSection
	GlobalSection(SolutionProperties) = preSolution
		HideSolutionNode = FALSE
	EndGlobalSection
	GlobalSection(ExtensibilityGlobals) = postSolution
		SolutionGuid = {CE6CC428-5779-4B73-8536-84846F64E48E}
	EndGlobalSection
EndGlobal
